// !$*UTF8*$!
{
	archiveVersion = 1;
	classes = {
	};
	objectVersion = 46;
	objects = {

/* Begin PBXBuildFile section */
		37376B0017751BF8008CFD8A /* OpenGLTexture.cpp in Sources */ = {isa = PBXBuildFile; fileRef = 37376AFE17751BF8008CFD8A /* OpenGLTexture.cpp */; };
		37376B0617767AB6008CFD8A /* ObjLoader.cpp in Sources */ = {isa = PBXBuildFile; fileRef = 37376B0417767AB6008CFD8A /* ObjLoader.cpp */; };
		37376B0B17779677008CFD8A /* Entity.cpp in Sources */ = {isa = PBXBuildFile; fileRef = 37376B0A17779677008CFD8A /* Entity.cpp */; };
		3741F311176E7FF000DFEDAD /* UIKit.framework in Frameworks */ = {isa = PBXBuildFile; fileRef = 3741F310176E7FF000DFEDAD /* UIKit.framework */; };
		3741F313176E7FF000DFEDAD /* Foundation.framework in Frameworks */ = {isa = PBXBuildFile; fileRef = 3741F312176E7FF000DFEDAD /* Foundation.framework */; };
		3741F315176E7FF000DFEDAD /* CoreGraphics.framework in Frameworks */ = {isa = PBXBuildFile; fileRef = 3741F314176E7FF000DFEDAD /* CoreGraphics.framework */; };
		3741F317176E7FF000DFEDAD /* GLKit.framework in Frameworks */ = {isa = PBXBuildFile; fileRef = 3741F316176E7FF000DFEDAD /* GLKit.framework */; };
		3741F319176E7FF000DFEDAD /* OpenGLES.framework in Frameworks */ = {isa = PBXBuildFile; fileRef = 3741F318176E7FF000DFEDAD /* OpenGLES.framework */; };
		3741F31F176E7FF000DFEDAD /* InfoPlist.strings in Resources */ = {isa = PBXBuildFile; fileRef = 3741F31D176E7FF000DFEDAD /* InfoPlist.strings */; };
		3741F321176E7FF000DFEDAD /* main.m in Sources */ = {isa = PBXBuildFile; fileRef = 3741F320176E7FF000DFEDAD /* main.m */; };
		3741F325176E7FF000DFEDAD /* AppDelegate.mm in Sources */ = {isa = PBXBuildFile; fileRef = 3741F324176E7FF000DFEDAD /* AppDelegate.mm */; };
		3741F327176E7FF000DFEDAD /* Default.png in Resources */ = {isa = PBXBuildFile; fileRef = 3741F326176E7FF000DFEDAD /* Default.png */; };
		3741F329176E7FF000DFEDAD /* Default@2x.png in Resources */ = {isa = PBXBuildFile; fileRef = 3741F328176E7FF000DFEDAD /* Default@2x.png */; };
		3741F32B176E7FF000DFEDAD /* Default-568h@2x.png in Resources */ = {isa = PBXBuildFile; fileRef = 3741F32A176E7FF000DFEDAD /* Default-568h@2x.png */; };
		3741F332176E7FF000DFEDAD /* ViewController.mm in Sources */ = {isa = PBXBuildFile; fileRef = 3741F331176E7FF000DFEDAD /* ViewController.mm */; };
		3741F335176E7FF000DFEDAD /* ViewController_iPhone.xib in Resources */ = {isa = PBXBuildFile; fileRef = 3741F333176E7FF000DFEDAD /* ViewController_iPhone.xib */; };
		3741F338176E7FF000DFEDAD /* ViewController_iPad.xib in Resources */ = {isa = PBXBuildFile; fileRef = 3741F336176E7FF000DFEDAD /* ViewController_iPad.xib */; };
		3741F348176FA72900DFEDAD /* IOSHost.cpp in Sources */ = {isa = PBXBuildFile; fileRef = 3741F346176FA72900DFEDAD /* IOSHost.cpp */; };
		3741F357176FC4E100DFEDAD /* OpenGLDisplay.cpp in Sources */ = {isa = PBXBuildFile; fileRef = 3741F355176FC4E100DFEDAD /* OpenGLDisplay.cpp */; };
		3741F35A176FC7B500DFEDAD /* OpenALAudio.cpp in Sources */ = {isa = PBXBuildFile; fileRef = 3741F358176FC7B500DFEDAD /* OpenALAudio.cpp */; };
		3741F35D176FC94B00DFEDAD /* IOSFileSystem.mm in Sources */ = {isa = PBXBuildFile; fileRef = 3741F35B176FC94B00DFEDAD /* IOSFileSystem.mm */; };
		3741F37B1770DBCD00DFEDAD /* Config in Resources */ = {isa = PBXBuildFile; fileRef = 3741F37A1770DBCD00DFEDAD /* Config */; };
		3741F3821770EE7F00DFEDAD /* ObjViewer.cpp in Sources */ = {isa = PBXBuildFile; fileRef = 3741F3801770EE7F00DFEDAD /* ObjViewer.cpp */; };
		3741F389177171B400DFEDAD /* OpenGLShader.cpp in Sources */ = {isa = PBXBuildFile; fileRef = 3741F387177171B300DFEDAD /* OpenGLShader.cpp */; };
		3741F38F1771721600DFEDAD /* OpenGLMesh.cpp in Sources */ = {isa = PBXBuildFile; fileRef = 3741F38D1771721500DFEDAD /* OpenGLMesh.cpp */; };
		3792DF681773D63900E1A410 /* Resources.cpp in Sources */ = {isa = PBXBuildFile; fileRef = 3792DF661773D63900E1A410 /* Resources.cpp */; };
		3792DF6E1774EEF300E1A410 /* Meshes in Resources */ = {isa = PBXBuildFile; fileRef = 3792DF6B1774EEF300E1A410 /* Meshes */; };
		3792DF6F1774EEF300E1A410 /* Shaders in Resources */ = {isa = PBXBuildFile; fileRef = 3792DF6C1774EEF300E1A410 /* Shaders */; };
		3792DF711774F25700E1A410 /* Textures in Resources */ = {isa = PBXBuildFile; fileRef = 3792DF701774F25700E1A410 /* Textures */; };
		37A9D4C817780FD100CA9802 /* Camera.cpp in Sources */ = {isa = PBXBuildFile; fileRef = 37A9D4C617780FD100CA9802 /* Camera.cpp */; };
		37A9D4CB17780FE500CA9802 /* Object3d.cpp in Sources */ = {isa = PBXBuildFile; fileRef = 37A9D4C917780FE400CA9802 /* Object3d.cpp */; };
/* End PBXBuildFile section */

/* Begin PBXFileReference section */
		37376AFE17751BF8008CFD8A /* OpenGLTexture.cpp */ = {isa = PBXFileReference; fileEncoding = 4; lastKnownFileType = sourcecode.cpp.cpp; path = OpenGLTexture.cpp; sourceTree = "<group>"; };
		37376AFF17751BF8008CFD8A /* OpenGLTexture.h */ = {isa = PBXFileReference; fileEncoding = 4; lastKnownFileType = sourcecode.c.h; path = OpenGLTexture.h; sourceTree = "<group>"; };
		37376B0117765B2C008CFD8A /* Color.h */ = {isa = PBXFileReference; lastKnownFileType = sourcecode.c.h; path = Color.h; sourceTree = "<group>"; };
		37376B0417767AB6008CFD8A /* ObjLoader.cpp */ = {isa = PBXFileReference; fileEncoding = 4; lastKnownFileType = sourcecode.cpp.cpp; path = ObjLoader.cpp; sourceTree = "<group>"; };
		37376B0517767AB6008CFD8A /* ObjLoader.h */ = {isa = PBXFileReference; fileEncoding = 4; lastKnownFileType = sourcecode.c.h; path = ObjLoader.h; sourceTree = "<group>"; };
		37376B0717779436008CFD8A /* Entity.h */ = {isa = PBXFileReference; lastKnownFileType = sourcecode.c.h; path = Entity.h; sourceTree = "<group>"; };
		37376B081777952D008CFD8A /* Drawable.h */ = {isa = PBXFileReference; lastKnownFileType = sourcecode.c.h; path = Drawable.h; sourceTree = "<group>"; };
		37376B09177795C4008CFD8A /* ResourceData.h */ = {isa = PBXFileReference; lastKnownFileType = sourcecode.c.h; path = ResourceData.h; sourceTree = "<group>"; };
		37376B0A17779677008CFD8A /* Entity.cpp */ = {isa = PBXFileReference; fileEncoding = 4; lastKnownFileType = sourcecode.cpp.cpp; path = Entity.cpp; sourceTree = "<group>"; };
		37376B131777A029008CFD8A /* ShaderVaribles.h */ = {isa = PBXFileReference; lastKnownFileType = sourcecode.c.h; path = ShaderVaribles.h; sourceTree = "<group>"; };
		3741F30D176E7FF000DFEDAD /* FelixEngineIOS.app */ = {isa = PBXFileReference; explicitFileType = wrapper.application; includeInIndex = 0; path = FelixEngineIOS.app; sourceTree = BUILT_PRODUCTS_DIR; };
		3741F310176E7FF000DFEDAD /* UIKit.framework */ = {isa = PBXFileReference; lastKnownFileType = wrapper.framework; name = UIKit.framework; path = System/Library/Frameworks/UIKit.framework; sourceTree = SDKROOT; };
		3741F312176E7FF000DFEDAD /* Foundation.framework */ = {isa = PBXFileReference; lastKnownFileType = wrapper.framework; name = Foundation.framework; path = System/Library/Frameworks/Foundation.framework; sourceTree = SDKROOT; };
		3741F314176E7FF000DFEDAD /* CoreGraphics.framework */ = {isa = PBXFileReference; lastKnownFileType = wrapper.framework; name = CoreGraphics.framework; path = System/Library/Frameworks/CoreGraphics.framework; sourceTree = SDKROOT; };
		3741F316176E7FF000DFEDAD /* GLKit.framework */ = {isa = PBXFileReference; lastKnownFileType = wrapper.framework; name = GLKit.framework; path = System/Library/Frameworks/GLKit.framework; sourceTree = SDKROOT; };
		3741F318176E7FF000DFEDAD /* OpenGLES.framework */ = {isa = PBXFileReference; lastKnownFileType = wrapper.framework; name = OpenGLES.framework; path = System/Library/Frameworks/OpenGLES.framework; sourceTree = SDKROOT; };
		3741F31C176E7FF000DFEDAD /* FelixEngineIOS-Info.plist */ = {isa = PBXFileReference; lastKnownFileType = text.plist.xml; path = "FelixEngineIOS-Info.plist"; sourceTree = "<group>"; };
		3741F31E176E7FF000DFEDAD /* en */ = {isa = PBXFileReference; lastKnownFileType = text.plist.strings; name = en; path = en.lproj/InfoPlist.strings; sourceTree = "<group>"; };
		3741F320176E7FF000DFEDAD /* main.m */ = {isa = PBXFileReference; lastKnownFileType = sourcecode.c.objc; path = main.m; sourceTree = "<group>"; };
		3741F322176E7FF000DFEDAD /* FelixEngineIOS-Prefix.pch */ = {isa = PBXFileReference; lastKnownFileType = sourcecode.c.h; path = "FelixEngineIOS-Prefix.pch"; sourceTree = "<group>"; };
		3741F323176E7FF000DFEDAD /* AppDelegate.h */ = {isa = PBXFileReference; lastKnownFileType = sourcecode.c.h; path = AppDelegate.h; sourceTree = "<group>"; };
		3741F324176E7FF000DFEDAD /* AppDelegate.mm */ = {isa = PBXFileReference; lastKnownFileType = sourcecode.cpp.objcpp; path = AppDelegate.mm; sourceTree = "<group>"; };
		3741F326176E7FF000DFEDAD /* Default.png */ = {isa = PBXFileReference; lastKnownFileType = image.png; path = Default.png; sourceTree = "<group>"; };
		3741F328176E7FF000DFEDAD /* Default@2x.png */ = {isa = PBXFileReference; lastKnownFileType = image.png; path = "Default@2x.png"; sourceTree = "<group>"; };
		3741F32A176E7FF000DFEDAD /* Default-568h@2x.png */ = {isa = PBXFileReference; lastKnownFileType = image.png; path = "Default-568h@2x.png"; sourceTree = "<group>"; };
		3741F330176E7FF000DFEDAD /* ViewController.h */ = {isa = PBXFileReference; lastKnownFileType = sourcecode.c.h; path = ViewController.h; sourceTree = "<group>"; };
		3741F331176E7FF000DFEDAD /* ViewController.mm */ = {isa = PBXFileReference; lastKnownFileType = sourcecode.cpp.objcpp; path = ViewController.mm; sourceTree = "<group>"; };
		3741F334176E7FF000DFEDAD /* en */ = {isa = PBXFileReference; lastKnownFileType = file.xib; name = en; path = en.lproj/ViewController_iPhone.xib; sourceTree = "<group>"; };
		3741F337176E7FF000DFEDAD /* en */ = {isa = PBXFileReference; lastKnownFileType = file.xib; name = en; path = en.lproj/ViewController_iPad.xib; sourceTree = "<group>"; };
		3741F344176E8AB200DFEDAD /* FelixEngine.h */ = {isa = PBXFileReference; fileEncoding = 4; lastKnownFileType = sourcecode.c.h; path = FelixEngine.h; sourceTree = "<group>"; };
		3741F346176FA72900DFEDAD /* IOSHost.cpp */ = {isa = PBXFileReference; fileEncoding = 4; lastKnownFileType = sourcecode.cpp.cpp; path = IOSHost.cpp; sourceTree = "<group>"; };
		3741F347176FA72900DFEDAD /* IOSHost.h */ = {isa = PBXFileReference; fileEncoding = 4; lastKnownFileType = sourcecode.c.h; path = IOSHost.h; sourceTree = "<group>"; };
		3741F34C176FADD200DFEDAD /* Matrix.h */ = {isa = PBXFileReference; fileEncoding = 4; lastKnownFileType = sourcecode.c.h; path = Matrix.h; sourceTree = "<group>"; };
		3741F34D176FADD200DFEDAD /* Quaternion.h */ = {isa = PBXFileReference; fileEncoding = 4; lastKnownFileType = sourcecode.c.h; path = Quaternion.h; sourceTree = "<group>"; };
		3741F34E176FADD200DFEDAD /* Vector.h */ = {isa = PBXFileReference; fileEncoding = 4; lastKnownFileType = sourcecode.c.h; path = Vector.h; sourceTree = "<group>"; };
		3741F350176FADD200DFEDAD /* XMLTag.h */ = {isa = PBXFileReference; fileEncoding = 4; lastKnownFileType = sourcecode.c.h; path = XMLTag.h; sourceTree = "<group>"; };
		3741F355176FC4E100DFEDAD /* OpenGLDisplay.cpp */ = {isa = PBXFileReference; fileEncoding = 4; lastKnownFileType = sourcecode.cpp.cpp; path = OpenGLDisplay.cpp; sourceTree = "<group>"; };
		3741F356176FC4E100DFEDAD /* OpenGLDisplay.h */ = {isa = PBXFileReference; fileEncoding = 4; lastKnownFileType = sourcecode.c.h; path = OpenGLDisplay.h; sourceTree = "<group>"; };
		3741F358176FC7B500DFEDAD /* OpenALAudio.cpp */ = {isa = PBXFileReference; fileEncoding = 4; lastKnownFileType = sourcecode.cpp.cpp; path = OpenALAudio.cpp; sourceTree = "<group>"; };
		3741F359176FC7B500DFEDAD /* OpenALAudio.h */ = {isa = PBXFileReference; fileEncoding = 4; lastKnownFileType = sourcecode.c.h; path = OpenALAudio.h; sourceTree = "<group>"; };
		3741F35B176FC94B00DFEDAD /* IOSFileSystem.mm */ = {isa = PBXFileReference; fileEncoding = 4; lastKnownFileType = sourcecode.cpp.objcpp; path = IOSFileSystem.mm; sourceTree = "<group>"; };
		3741F35C176FC94B00DFEDAD /* IOSFileSystem.h */ = {isa = PBXFileReference; fileEncoding = 4; lastKnownFileType = sourcecode.c.h; path = IOSFileSystem.h; sourceTree = "<group>"; };
		3741F35E176FD27000DFEDAD /* OpenGLIncludes.h */ = {isa = PBXFileReference; lastKnownFileType = sourcecode.c.h; path = OpenGLIncludes.h; sourceTree = "<group>"; };
		3741F37A1770DBCD00DFEDAD /* Config */ = {isa = PBXFileReference; lastKnownFileType = folder; name = Config; path = AppFiles/Config; sourceTree = SOURCE_ROOT; };
		3741F3801770EE7F00DFEDAD /* ObjViewer.cpp */ = {isa = PBXFileReference; fileEncoding = 4; lastKnownFileType = sourcecode.cpp.cpp; name = ObjViewer.cpp; path = AppSrc/ObjViewer.cpp; sourceTree = SOURCE_ROOT; };
		3741F3811770EE7F00DFEDAD /* ObjViewer.h */ = {isa = PBXFileReference; fileEncoding = 4; lastKnownFileType = sourcecode.c.h; name = ObjViewer.h; path = AppSrc/ObjViewer.h; sourceTree = SOURCE_ROOT; };
		3741F387177171B300DFEDAD /* OpenGLShader.cpp */ = {isa = PBXFileReference; fileEncoding = 4; lastKnownFileType = sourcecode.cpp.cpp; path = OpenGLShader.cpp; sourceTree = "<group>"; };
		3741F388177171B400DFEDAD /* OpenGLShader.h */ = {isa = PBXFileReference; fileEncoding = 4; lastKnownFileType = sourcecode.c.h; path = OpenGLShader.h; sourceTree = "<group>"; };
		3741F38D1771721500DFEDAD /* OpenGLMesh.cpp */ = {isa = PBXFileReference; fileEncoding = 4; lastKnownFileType = sourcecode.cpp.cpp; path = OpenGLMesh.cpp; sourceTree = "<group>"; };
		3741F38E1771721600DFEDAD /* OpenGLMesh.h */ = {isa = PBXFileReference; fileEncoding = 4; lastKnownFileType = sourcecode.c.h; path = OpenGLMesh.h; sourceTree = "<group>"; };
		3792DF661773D63900E1A410 /* Resources.cpp */ = {isa = PBXFileReference; fileEncoding = 4; lastKnownFileType = sourcecode.cpp.cpp; path = Resources.cpp; sourceTree = "<group>"; };
		3792DF671773D63900E1A410 /* Resources.h */ = {isa = PBXFileReference; fileEncoding = 4; lastKnownFileType = sourcecode.c.h; path = Resources.h; sourceTree = "<group>"; };
		3792DF6B1774EEF300E1A410 /* Meshes */ = {isa = PBXFileReference; lastKnownFileType = folder; name = Meshes; path = AppFiles/Meshes; sourceTree = SOURCE_ROOT; };
		3792DF6C1774EEF300E1A410 /* Shaders */ = {isa = PBXFileReference; lastKnownFileType = folder; name = Shaders; path = AppFiles/Shaders; sourceTree = SOURCE_ROOT; };
		3792DF701774F25700E1A410 /* Textures */ = {isa = PBXFileReference; lastKnownFileType = folder; name = Textures; path = AppFiles/Textures; sourceTree = SOURCE_ROOT; };
		37A9D4C617780FD100CA9802 /* Camera.cpp */ = {isa = PBXFileReference; fileEncoding = 4; lastKnownFileType = sourcecode.cpp.cpp; path = Camera.cpp; sourceTree = "<group>"; };
		37A9D4C717780FD100CA9802 /* Camera.h */ = {isa = PBXFileReference; fileEncoding = 4; lastKnownFileType = sourcecode.c.h; path = Camera.h; sourceTree = "<group>"; };
		37A9D4C917780FE400CA9802 /* Object3d.cpp */ = {isa = PBXFileReference; fileEncoding = 4; lastKnownFileType = sourcecode.cpp.cpp; path = Object3d.cpp; sourceTree = "<group>"; };
		37A9D4CA17780FE500CA9802 /* Object3d.h */ = {isa = PBXFileReference; fileEncoding = 4; lastKnownFileType = sourcecode.c.h; path = Object3d.h; sourceTree = "<group>"; };
/* End PBXFileReference section */

/* Begin PBXFrameworksBuildPhase section */
		3741F30A176E7FF000DFEDAD /* Frameworks */ = {
			isa = PBXFrameworksBuildPhase;
			buildActionMask = 2147483647;
			files = (
				3741F311176E7FF000DFEDAD /* UIKit.framework in Frameworks */,
				3741F313176E7FF000DFEDAD /* Foundation.framework in Frameworks */,
				3741F315176E7FF000DFEDAD /* CoreGraphics.framework in Frameworks */,
				3741F317176E7FF000DFEDAD /* GLKit.framework in Frameworks */,
				3741F319176E7FF000DFEDAD /* OpenGLES.framework in Frameworks */,
			);
			runOnlyForDeploymentPostprocessing = 0;
		};
/* End PBXFrameworksBuildPhase section */

/* Begin PBXGroup section */
		37376B0317767AA4008CFD8A /* Loaders */ = {
			isa = PBXGroup;
			children = (
				37376B0517767AB6008CFD8A /* ObjLoader.h */,
				37376B0417767AB6008CFD8A /* ObjLoader.cpp */,
			);
			name = Loaders;
			sourceTree = "<group>";
		};
		37376B121777978B008CFD8A /* FelixHost */ = {
			isa = PBXGroup;
			children = (
				3741F347176FA72900DFEDAD /* IOSHost.h */,
				3741F346176FA72900DFEDAD /* IOSHost.cpp */,
				3741F352176FC48F00DFEDAD /* Display */,
				3741F353176FC49900DFEDAD /* Audio */,
				3741F354176FC4A100DFEDAD /* FileSystem */,
			);
			name = FelixHost;
			sourceTree = "<group>";
		};
		3741F304176E7FF000DFEDAD = {
			isa = PBXGroup;
			children = (
				3741F31A176E7FF000DFEDAD /* FelixEngineIOS */,
				3741F30F176E7FF000DFEDAD /* Frameworks */,
				3741F30E176E7FF000DFEDAD /* Products */,
			);
			sourceTree = "<group>";
		};
		3741F30E176E7FF000DFEDAD /* Products */ = {
			isa = PBXGroup;
			children = (
				3741F30D176E7FF000DFEDAD /* FelixEngineIOS.app */,
			);
			name = Products;
			sourceTree = "<group>";
		};
		3741F30F176E7FF000DFEDAD /* Frameworks */ = {
			isa = PBXGroup;
			children = (
				3741F310176E7FF000DFEDAD /* UIKit.framework */,
				3741F312176E7FF000DFEDAD /* Foundation.framework */,
				3741F314176E7FF000DFEDAD /* CoreGraphics.framework */,
				3741F316176E7FF000DFEDAD /* GLKit.framework */,
				3741F318176E7FF000DFEDAD /* OpenGLES.framework */,
			);
			name = Frameworks;
			sourceTree = "<group>";
		};
		3741F31A176E7FF000DFEDAD /* FelixEngineIOS */ = {
			isa = PBXGroup;
			children = (
				3741F37F1770EE4B00DFEDAD /* AppSrc */,
				3741F3791770D7CD00DFEDAD /* AppFiles */,
				3741F33F176E848B00DFEDAD /* FelixEngine */,
			);
			path = FelixEngineIOS;
			sourceTree = "<group>";
		};
		3741F31B176E7FF000DFEDAD /* Supporting Files */ = {
			isa = PBXGroup;
			children = (
				3741F33E176E809100DFEDAD /* ObjectiveC */,
				3741F333176E7FF000DFEDAD /* ViewController_iPhone.xib */,
				3741F336176E7FF000DFEDAD /* ViewController_iPad.xib */,
				3741F31C176E7FF000DFEDAD /* FelixEngineIOS-Info.plist */,
				3741F31D176E7FF000DFEDAD /* InfoPlist.strings */,
				3741F320176E7FF000DFEDAD /* main.m */,
				3741F322176E7FF000DFEDAD /* FelixEngineIOS-Prefix.pch */,
				3741F326176E7FF000DFEDAD /* Default.png */,
				3741F328176E7FF000DFEDAD /* Default@2x.png */,
				3741F32A176E7FF000DFEDAD /* Default-568h@2x.png */,
			);
			name = "Supporting Files";
			sourceTree = "<group>";
		};
		3741F33E176E809100DFEDAD /* ObjectiveC */ = {
			isa = PBXGroup;
			children = (
				3741F323176E7FF000DFEDAD /* AppDelegate.h */,
				3741F324176E7FF000DFEDAD /* AppDelegate.mm */,
				3741F330176E7FF000DFEDAD /* ViewController.h */,
				3741F331176E7FF000DFEDAD /* ViewController.mm */,
			);
			name = ObjectiveC;
			sourceTree = "<group>";
		};
		3741F33F176E848B00DFEDAD /* FelixEngine */ = {
			isa = PBXGroup;
			children = (
				3741F344176E8AB200DFEDAD /* FelixEngine.h */,
				37376B131777A029008CFD8A /* ShaderVaribles.h */,
				3792DF691773DA7100E1A410 /* EngineEntities */,
				3741F349176FAD7700DFEDAD /* Utils */,
				3741F31B176E7FF000DFEDAD /* Supporting Files */,
			);
			name = FelixEngine;
			sourceTree = "<group>";
		};
		3741F349176FAD7700DFEDAD /* Utils */ = {
			isa = PBXGroup;
			children = (
				3741F34C176FADD200DFEDAD /* Matrix.h */,
				3741F34D176FADD200DFEDAD /* Quaternion.h */,
				3741F34E176FADD200DFEDAD /* Vector.h */,
				3741F350176FADD200DFEDAD /* XMLTag.h */,
				37376B0117765B2C008CFD8A /* Color.h */,
			);
			name = Utils;
			sourceTree = "<group>";
		};
		3741F352176FC48F00DFEDAD /* Display */ = {
			isa = PBXGroup;
			children = (
				3741F35E176FD27000DFEDAD /* OpenGLIncludes.h */,
				3741F356176FC4E100DFEDAD /* OpenGLDisplay.h */,
				3741F355176FC4E100DFEDAD /* OpenGLDisplay.cpp */,
				3741F3901771722000DFEDAD /* DisplayResources */,
			);
			name = Display;
			sourceTree = "<group>";
		};
		3741F353176FC49900DFEDAD /* Audio */ = {
			isa = PBXGroup;
			children = (
				3741F359176FC7B500DFEDAD /* OpenALAudio.h */,
				3741F358176FC7B500DFEDAD /* OpenALAudio.cpp */,
			);
			name = Audio;
			sourceTree = "<group>";
		};
		3741F354176FC4A100DFEDAD /* FileSystem */ = {
			isa = PBXGroup;
			children = (
				37376B09177795C4008CFD8A /* ResourceData.h */,
				3741F35C176FC94B00DFEDAD /* IOSFileSystem.h */,
				3741F35B176FC94B00DFEDAD /* IOSFileSystem.mm */,
				37376B0317767AA4008CFD8A /* Loaders */,
			);
			name = FileSystem;
			sourceTree = "<group>";
		};
		3741F3791770D7CD00DFEDAD /* AppFiles */ = {
			isa = PBXGroup;
			children = (
				3741F37A1770DBCD00DFEDAD /* Config */,
				3792DF701774F25700E1A410 /* Textures */,
				3792DF6B1774EEF300E1A410 /* Meshes */,
				3792DF6C1774EEF300E1A410 /* Shaders */,
			);
			name = AppFiles;
			sourceTree = "<group>";
		};
		3741F37F1770EE4B00DFEDAD /* AppSrc */ = {
			isa = PBXGroup;
			children = (
				3741F3811770EE7F00DFEDAD /* ObjViewer.h */,
				3741F3801770EE7F00DFEDAD /* ObjViewer.cpp */,
			);
			name = AppSrc;
			sourceTree = "<group>";
		};
		3741F3901771722000DFEDAD /* DisplayResources */ = {
			isa = PBXGroup;
			children = (
				3741F388177171B400DFEDAD /* OpenGLShader.h */,
				3741F387177171B300DFEDAD /* OpenGLShader.cpp */,
				37376AFF17751BF8008CFD8A /* OpenGLTexture.h */,
				37376AFE17751BF8008CFD8A /* OpenGLTexture.cpp */,
				3741F38E1771721600DFEDAD /* OpenGLMesh.h */,
				3741F38D1771721500DFEDAD /* OpenGLMesh.cpp */,
			);
			name = DisplayResources;
			sourceTree = "<group>";
		};
		3792DF691773DA7100E1A410 /* EngineEntities */ = {
			isa = PBXGroup;
			children = (
				37376B0717779436008CFD8A /* Entity.h */,
				37376B0A17779677008CFD8A /* Entity.cpp */,
				3792DF671773D63900E1A410 /* Resources.h */,
				3792DF661773D63900E1A410 /* Resources.cpp */,
				37A9D4C717780FD100CA9802 /* Camera.h */,
				37A9D4C617780FD100CA9802 /* Camera.cpp */,
				37376B121777978B008CFD8A /* FelixHost */,
				37A9D4CC1778100200CA9802 /* Drawables */,
			);
			name = EngineEntities;
			sourceTree = "<group>";
		};
		37A9D4CC1778100200CA9802 /* Drawables */ = {
			isa = PBXGroup;
			children = (
				37376B081777952D008CFD8A /* Drawable.h */,
				37A9D4CA17780FE500CA9802 /* Object3d.h */,
				37A9D4C917780FE400CA9802 /* Object3d.cpp */,
			);
			name = Drawables;
			sourceTree = "<group>";
		};
/* End PBXGroup section */

/* Begin PBXNativeTarget section */
		3741F30C176E7FF000DFEDAD /* FelixEngineIOS */ = {
			isa = PBXNativeTarget;
			buildConfigurationList = 3741F33B176E7FF000DFEDAD /* Build configuration list for PBXNativeTarget "FelixEngineIOS" */;
			buildPhases = (
				3741F309176E7FF000DFEDAD /* Sources */,
				3741F30A176E7FF000DFEDAD /* Frameworks */,
				3741F30B176E7FF000DFEDAD /* Resources */,
			);
			buildRules = (
			);
			dependencies = (
			);
			name = FelixEngineIOS;
			productName = FelixEngineIOS;
			productReference = 3741F30D176E7FF000DFEDAD /* FelixEngineIOS.app */;
			productType = "com.apple.product-type.application";
		};
/* End PBXNativeTarget section */

/* Begin PBXProject section */
		3741F305176E7FF000DFEDAD /* Project object */ = {
			isa = PBXProject;
			attributes = {
				LastUpgradeCheck = 0460;
				ORGANIZATIONNAME = "Robert Crosby";
			};
			buildConfigurationList = 3741F308176E7FF000DFEDAD /* Build configuration list for PBXProject "FelixEngineIOS" */;
			compatibilityVersion = "Xcode 3.2";
			developmentRegion = English;
			hasScannedForEncodings = 0;
			knownRegions = (
				en,
			);
			mainGroup = 3741F304176E7FF000DFEDAD;
			productRefGroup = 3741F30E176E7FF000DFEDAD /* Products */;
			projectDirPath = "";
			projectRoot = "";
			targets = (
				3741F30C176E7FF000DFEDAD /* FelixEngineIOS */,
			);
		};
/* End PBXProject section */

/* Begin PBXResourcesBuildPhase section */
		3741F30B176E7FF000DFEDAD /* Resources */ = {
			isa = PBXResourcesBuildPhase;
			buildActionMask = 2147483647;
			files = (
				3741F31F176E7FF000DFEDAD /* InfoPlist.strings in Resources */,
				3741F327176E7FF000DFEDAD /* Default.png in Resources */,
				3741F329176E7FF000DFEDAD /* Default@2x.png in Resources */,
				3741F32B176E7FF000DFEDAD /* Default-568h@2x.png in Resources */,
				3741F335176E7FF000DFEDAD /* ViewController_iPhone.xib in Resources */,
				3741F338176E7FF000DFEDAD /* ViewController_iPad.xib in Resources */,
				3741F37B1770DBCD00DFEDAD /* Config in Resources */,
				3792DF6E1774EEF300E1A410 /* Meshes in Resources */,
				3792DF6F1774EEF300E1A410 /* Shaders in Resources */,
				3792DF711774F25700E1A410 /* Textures in Resources */,
			);
			runOnlyForDeploymentPostprocessing = 0;
		};
/* End PBXResourcesBuildPhase section */

/* Begin PBXSourcesBuildPhase section */
		3741F309176E7FF000DFEDAD /* Sources */ = {
			isa = PBXSourcesBuildPhase;
			buildActionMask = 2147483647;
			files = (
				3741F321176E7FF000DFEDAD /* main.m in Sources */,
				3741F325176E7FF000DFEDAD /* AppDelegate.mm in Sources */,
				3741F332176E7FF000DFEDAD /* ViewController.mm in Sources */,
				3741F348176FA72900DFEDAD /* IOSHost.cpp in Sources */,
				3741F357176FC4E100DFEDAD /* OpenGLDisplay.cpp in Sources */,
				3741F35A176FC7B500DFEDAD /* OpenALAudio.cpp in Sources */,
				3741F35D176FC94B00DFEDAD /* IOSFileSystem.mm in Sources */,
				3741F3821770EE7F00DFEDAD /* ObjViewer.cpp in Sources */,
				3741F389177171B400DFEDAD /* OpenGLShader.cpp in Sources */,
				3741F38F1771721600DFEDAD /* OpenGLMesh.cpp in Sources */,
				3792DF681773D63900E1A410 /* Resources.cpp in Sources */,
				37376B0017751BF8008CFD8A /* OpenGLTexture.cpp in Sources */,
				37376B0617767AB6008CFD8A /* ObjLoader.cpp in Sources */,
				37376B0B17779677008CFD8A /* Entity.cpp in Sources */,
				37A9D4C817780FD100CA9802 /* Camera.cpp in Sources */,
				37A9D4CB17780FE500CA9802 /* Object3d.cpp in Sources */,
			);
			runOnlyForDeploymentPostprocessing = 0;
		};
/* End PBXSourcesBuildPhase section */

/* Begin PBXVariantGroup section */
		3741F31D176E7FF000DFEDAD /* InfoPlist.strings */ = {
			isa = PBXVariantGroup;
			children = (
				3741F31E176E7FF000DFEDAD /* en */,
			);
			name = InfoPlist.strings;
			sourceTree = "<group>";
		};
		3741F333176E7FF000DFEDAD /* ViewController_iPhone.xib */ = {
			isa = PBXVariantGroup;
			children = (
				3741F334176E7FF000DFEDAD /* en */,
			);
			name = ViewController_iPhone.xib;
			sourceTree = "<group>";
		};
		3741F336176E7FF000DFEDAD /* ViewController_iPad.xib */ = {
			isa = PBXVariantGroup;
			children = (
				3741F337176E7FF000DFEDAD /* en */,
			);
			name = ViewController_iPad.xib;
			sourceTree = "<group>";
		};
/* End PBXVariantGroup section */

/* Begin XCBuildConfiguration section */
		3741F339176E7FF000DFEDAD /* Debug */ = {
			isa = XCBuildConfiguration;
			buildSettings = {
				ALWAYS_SEARCH_USER_PATHS = NO;
				CLANG_CXX_LANGUAGE_STANDARD = "gnu++0x";
				CLANG_CXX_LIBRARY = "libc++";
				CLANG_WARN_CONSTANT_CONVERSION = YES;
				CLANG_WARN_EMPTY_BODY = YES;
				CLANG_WARN_ENUM_CONVERSION = YES;
				CLANG_WARN_INT_CONVERSION = YES;
				CLANG_WARN__DUPLICATE_METHOD_MATCH = YES;
				"CODE_SIGN_IDENTITY[sdk=iphoneos*]" = "iPhone Developer";
				COPY_PHASE_STRIP = NO;
				GCC_C_LANGUAGE_STANDARD = gnu99;
				GCC_DYNAMIC_NO_PIC = NO;
				GCC_OPTIMIZATION_LEVEL = 0;
				GCC_PREPROCESSOR_DEFINITIONS = (
					"DEBUG=1",
					"$(inherited)",
				);
				GCC_SYMBOLS_PRIVATE_EXTERN = NO;
				GCC_WARN_ABOUT_RETURN_TYPE = YES;
				GCC_WARN_UNINITIALIZED_AUTOS = YES;
				GCC_WARN_UNUSED_VARIABLE = YES;
				IPHONEOS_DEPLOYMENT_TARGET = 6.1;
				ONLY_ACTIVE_ARCH = YES;
				SDKROOT = iphoneos;
				TARGETED_DEVICE_FAMILY = "1,2";
			};
			name = Debug;
		};
		3741F33A176E7FF000DFEDAD /* Release */ = {
			isa = XCBuildConfiguration;
			buildSettings = {
				ALWAYS_SEARCH_USER_PATHS = NO;
				CLANG_CXX_LANGUAGE_STANDARD = "gnu++0x";
				CLANG_CXX_LIBRARY = "libc++";
				CLANG_WARN_CONSTANT_CONVERSION = YES;
				CLANG_WARN_EMPTY_BODY = YES;
				CLANG_WARN_ENUM_CONVERSION = YES;
				CLANG_WARN_INT_CONVERSION = YES;
				CLANG_WARN__DUPLICATE_METHOD_MATCH = YES;
				"CODE_SIGN_IDENTITY[sdk=iphoneos*]" = "iPhone Developer";
				COPY_PHASE_STRIP = YES;
				GCC_C_LANGUAGE_STANDARD = gnu99;
				GCC_WARN_ABOUT_RETURN_TYPE = YES;
				GCC_WARN_UNINITIALIZED_AUTOS = YES;
				GCC_WARN_UNUSED_VARIABLE = YES;
				IPHONEOS_DEPLOYMENT_TARGET = 6.1;
				OTHER_CFLAGS = "-DNS_BLOCK_ASSERTIONS=1";
				SDKROOT = iphoneos;
				TARGETED_DEVICE_FAMILY = "1,2";
				VALIDATE_PRODUCT = YES;
			};
			name = Release;
		};
		3741F33C176E7FF000DFEDAD /* Debug */ = {
			isa = XCBuildConfiguration;
			buildSettings = {
				GCC_PRECOMPILE_PREFIX_HEADER = YES;
				GCC_PREFIX_HEADER = "FelixEngineIOS/FelixEngineIOS-Prefix.pch";
				INFOPLIST_FILE = "FelixEngineIOS/FelixEngineIOS-Info.plist";
				PRODUCT_NAME = "$(TARGET_NAME)";
				WRAPPER_EXTENSION = app;
			};
			name = Debug;
		};
		3741F33D176E7FF000DFEDAD /* Release */ = {
			isa = XCBuildConfiguration;
			buildSettings = {
				GCC_PRECOMPILE_PREFIX_HEADER = YES;
				GCC_PREFIX_HEADER = "FelixEngineIOS/FelixEngineIOS-Prefix.pch";
				INFOPLIST_FILE = "FelixEngineIOS/FelixEngineIOS-Info.plist";
				PRODUCT_NAME = "$(TARGET_NAME)";
				WRAPPER_EXTENSION = app;
			};
			name = Release;
		};
/* End XCBuildConfiguration section */

/* Begin XCConfigurationList section */
		3741F308176E7FF000DFEDAD /* Build configuration list for PBXProject "FelixEngineIOS" */ = {
			isa = XCConfigurationList;
			buildConfigurations = (
				3741F339176E7FF000DFEDAD /* Debug */,
				3741F33A176E7FF000DFEDAD /* Release */,
			);
			defaultConfigurationIsVisible = 0;
			defaultConfigurationName = Release;
		};
		3741F33B176E7FF000DFEDAD /* Build configuration list for PBXNativeTarget "FelixEngineIOS" */ = {
			isa = XCConfigurationList;
			buildConfigurations = (
				3741F33C176E7FF000DFEDAD /* Debug */,
				3741F33D176E7FF000DFEDAD /* Release */,
			);
			defaultConfigurationIsVisible = 0;
			defaultConfigurationName = Release;
		};
/* End XCConfigurationList section */
	};
	rootObject = 3741F305176E7FF000DFEDAD /* Project object */;
}
